
Microsoft Visual Studio Solution File, Format Version 12.00
# Visual Studio Version 17
VisualStudioVersion = 17.2.32630.192
MinimumVisualStudioVersion = 10.0.40219.1
Project("{FAE04EC0-301F-11D3-BF4B-00C04F79EFBC}") = "ui_tests", "ui_tests.csproj", "{8D07F4DA-30B6-4EFD-A714-295A66C3F42C}"
EndProject
Global
	GlobalSection(SolutionConfigurationPlatforms) = preSolution
		Debug|Any CPU = Debug|Any CPU
		Release|Any CPU = Release|Any CPU
	EndGlobalSection
	GlobalSection(ProjectConfigurationPlatforms) = postSolution
		{8D07F4DA-30B6-4EFD-A714-295A66C3F42C}.Debug|Any CPU.ActiveCfg = Debug|Any CPU
		{8D07F4DA-30B6-4EFD-A714-295A66C3F42C}.Debug|Any CPU.Build.0 = Debug|Any CPU
		{8D07F4DA-30B6-4EFD-A714-295A66C3F42C}.Release|Any CPU.ActiveCfg = Release|Any CPU
		{8D07F4DA-30B6-4EFD-A714-295A66C3F42C}.Release|Any CPU.Build.0 = Release|Any CPU
	EndGlobalSection
	GlobalSection(SolutionProperties) = preSolution
		HideSolutionNode = FALSE
	EndGlobalSection
	GlobalSection(ExtensibilityGlobals) = postSolution
		SolutionGuid = {7D373D68-E2E3-41FC-802C-490229719785}
	EndGlobalSection
EndGlobal
